
Microsoft Visual Studio Solution File, Format Version 12.00
# Visual Studio Version 17
VisualStudioVersion = 17.6.33801.468
MinimumVisualStudioVersion = 10.0.40219.1
Project("{FAE04EC0-301F-11D3-BF4B-00C04F79EFBC}") = "EC.WEB", "EC.WEB\EC.WEB.csproj", "{07AEDF64-B902-4B06-95C8-DB3A027F7F44}"
EndProject
Global
	GlobalSection(SolutionConfigurationPlatforms) = preSolution
		Debug|Any CPU = Debug|Any CPU
		Release|Any CPU = Release|Any CPU
	EndGlobalSection
	GlobalSection(ProjectConfigurationPlatforms) = postSolution
		{07AEDF64-B902-4B06-95C8-DB3A027F7F44}.Debug|Any CPU.ActiveCfg = Debug|Any CPU
		{07AEDF64-B902-4B06-95C8-DB3A027F7F44}.Debug|Any CPU.Build.0 = Debug|Any CPU
		{07AEDF64-B902-4B06-95C8-DB3A027F7F44}.Release|Any CPU.ActiveCfg = Release|Any CPU
		{07AEDF64-B902-4B06-95C8-DB3A027F7F44}.Release|Any CPU.Build.0 = Release|Any CPU
	EndGlobalSection
	GlobalSection(SolutionProperties) = preSolution
		HideSolutionNode = FALSE
	EndGlobalSection
	GlobalSection(ExtensibilityGlobals) = postSolution
		SolutionGuid = {65A7C281-2592-426E-AA62-2C904088B98D}
	EndGlobalSection
EndGlobal
